Microsoft Visual Studio Solution File, Format Version 10.00
# Visual Studio 2008
Project("{FAE04EC0-301F-11D3-BF4B-00C04F79EFBC}") = "mtail", "mtail.csproj", "{ABCF3693-F724-463D-966C-58F416D460B6}"
EndProject
Global
	GlobalSection(SolutionConfigurationPlatforms) = preSolution
		Debug|Any CPU = Debug|Any CPU
		Release|Any CPU = Release|Any CPU
	EndGlobalSection
	GlobalSection(ProjectConfigurationPlatforms) = postSolution
		{ABCF3693-F724-463D-966C-58F416D460B6}.Debug|Any CPU.ActiveCfg = Debug|Any CPU
		{ABCF3693-F724-463D-966C-58F416D460B6}.Debug|Any CPU.Build.0 = Debug|Any CPU
		{ABCF3693-F724-463D-966C-58F416D460B6}.Release|Any CPU.ActiveCfg = Release|Any CPU
		{ABCF3693-F724-463D-966C-58F416D460B6}.Release|Any CPU.Build.0 = Release|Any CPU
	EndGlobalSection
	GlobalSection(SolutionProperties) = preSolution
		HideSolutionNode = FALSE
	EndGlobalSection
EndGlobal
